{
    "_readme": [
        "This file locks the dependencies of your project to a known state",
        "Read more about it at https://getcomposer.org/doc/01-basic-usage.md#installing-dependencies",
        "This file is @generated automatically"
    ],
    "content-hash": "5c41a9011f58f0f4e24990cb35c915cb",
    "packages": [
        {
            "name": "bissolli/validador-cpf-cnpj",
            "version": "v1.2",
            "source": {
                "type": "git",
                "url": "https://github.com/bissolli/validador-cpf-cnpj.git",
                "reference": "9ae383648473ea8b7040d766ced8aeb1a1cf3fc8"
            },
            "dist": {
                "type": "zip",
                "url": "https://api.github.com/repos/bissolli/validador-cpf-cnpj/zipball/9ae383648473ea8b7040d766ced8aeb1a1cf3fc8",
                "reference": "9ae383648473ea8b7040d766ced8aeb1a1cf3fc8",
                "shasum": ""
            },
            "require": {
                "php": ">=5.4"
            },
            "require-dev": {
                "phpunit/phpunit": "~4.0"
            },
            "type": "library",
            "autoload": {
                "psr-4": {
                    "Bissolli\\ValidadorCpfCnpj\\": "src/"
                }
            },
            "notification-url": "https://packagist.org/downloads/",
            "license": [
                "MIT"
            ],
            "authors": [
                {
                    "name": "Gustavo Bissolli",
                    "email": "gustavo.bissolli@gmail.com"
                }
            ],
            "description": "Classe em PHP para validação de CPF e CNPJ.",
            "homepage": "https://github.com/bissolli/validador-cpf-cnpj",
            "keywords": [
                "brasil",
                "cnpj",
                "cpf",
                "documento",
                "laravel",
                "validador"
            ],
            "support": {
                "issues": "https://github.com/bissolli/validador-cpf-cnpj/issues",
                "source": "https://github.com/bissolli/validador-cpf-cnpj/tree/master"
            },
            "time": "2018-08-14T09:13:34+00:00"
        }
    ],
    "packages-dev": [],
    "aliases": [],
    "minimum-stability": "dev",
    "stability-flags": {},
    "prefer-stable": false,
    "prefer-lowest": false,
    "platform": {
        "php": ">=8.0"
    },
    "platform-dev": {},
    "plugin-api-version": "2.6.0"
}
